
Microsoft Visual Studio Solution File, Format Version 12.00
# Visual Studio Version 16
VisualStudioVersion = 16.0.30804.86
MinimumVisualStudioVersion = 10.0.40219.1
Project("{FAE04EC0-301F-11D3-BF4B-00C04F79EFBC}") = "Ej4_I", "Ej4_I\Ej4_I.csproj", "{3C9CC524-EE65-4C24-A091-5F441F1038DB}"
EndProject
Global
	GlobalSection(SolutionConfigurationPlatforms) = preSolution
		Debug|Any CPU = Debug|Any CPU
		Release|Any CPU = Release|Any CPU
	EndGlobalSection
	GlobalSection(ProjectConfigurationPlatforms) = postSolution
		{3C9CC524-EE65-4C24-A091-5F441F1038DB}.Debug|Any CPU.ActiveCfg = Debug|Any CPU
		{3C9CC524-EE65-4C24-A091-5F441F1038DB}.Debug|Any CPU.Build.0 = Debug|Any CPU
		{3C9CC524-EE65-4C24-A091-5F441F1038DB}.Release|Any CPU.ActiveCfg = Release|Any CPU
		{3C9CC524-EE65-4C24-A091-5F441F1038DB}.Release|Any CPU.Build.0 = Release|Any CPU
	EndGlobalSection
	GlobalSection(SolutionProperties) = preSolution
		HideSolutionNode = FALSE
	EndGlobalSection
	GlobalSection(ExtensibilityGlobals) = postSolution
		SolutionGuid = {B9C9A7DC-4050-4561-B874-070DFF2AD279}
	EndGlobalSection
EndGlobal
